{
  "name": "rn-class",
  "version": "1.0.12",
  "lockfileVersion": 1,
  "requires": true,
  "dependencies": {
    "lodash": {
      "version": "4.17.11",
      "resolved": "https://registry.npmjs.org/lodash/-/lodash-4.17.11.tgz",
      "integrity": "sha512-cQKh8igo5QUhZ7lg38DYWAxMvjSAKG0A8wGSVimP07SIUEK2UO+arSRKbRZWtelMtN5V0Hkwh5ryOto/SshYIg=="
    },
    "react-native-responsive-screen": {
      "version": "1.2.1",
      "resolved": "https://registry.npmjs.org/react-native-responsive-screen/-/react-native-responsive-screen-1.2.1.tgz",
      "integrity": "sha512-QquX/XWt5kHCs9duKPuvIU49p3Dq/0rnztvDWxec8KnV7q1agnS9JN9BRb/xro1G2zJOoNZBmLjEuXFRknZtpg=="
    }
  }
}
